github.com/allank/murli v1.0.2 h1:IbYEv2pdvWGszy4HGu08mX52qwFDKz2srPGcKoZ1CYQ=
github.com/allank/murli v1.0.2/go.mod h1:Lq8etKI16njWfXCSyhSefZ48bXaVa7oS2ojmpN4wMJM=
github.com/urfave/cli/v3 v3.9.0 h1:AV9lIiPv3ukYnxunaCUsHnEozptYmDN2F0+yWqLMn/c=
github.com/urfave/cli/v3 v3.9.0/go.mod h1:ysVLtOEmg2tOy6PknnYVhDoouyC/6N42TMeoMzskhso=
